
Microsoft Visual Studio Solution File, Format Version 12.00
# Visual Studio Version 16
VisualStudioVersion = 16.0.30413.136
MinimumVisualStudioVersion = 10.0.40219.1
Project("{9A19103F-16F7-4668-BE54-9A1E7A4F7556}") = "SnomedTemplateService.Web", "SnomedTemplateService.Web\SnomedTemplateService.Web.csproj", "{64BEC9CB-E009-4278-9218-D090980EFDDC}"
EndProject
Project("{9A19103F-16F7-4668-BE54-9A1E7A4F7556}") = "SnomedTemplateService.Core", "SnomedTemplateService.Core\SnomedTemplateService.Core.csproj", "{1B9297B3-465F-48E8-9A7A-3E1B97499C5A}"
EndProject
Project("{9A19103F-16F7-4668-BE54-9A1E7A4F7556}") = "SnomedTemplateService.Parser", "SnomedTemplateService.Parser\SnomedTemplateService.Parser.csproj", "{48D84765-C51D-4403-BD03-39D2CA01D094}"
EndProject
Project("{FAE04EC0-301F-11D3-BF4B-00C04F79EFBC}") = "SnomedTemplateService.Util", "SnomedTemplateService.Util\SnomedTemplateService.Util.csproj", "{8DF6760F-0894-4A31-B7B7-4F1ED6A6049C}"
EndProject
Global
	GlobalSection(SolutionConfigurationPlatforms) = preSolution
		Debug|Any CPU = Debug|Any CPU
		Release|Any CPU = Release|Any CPU
	EndGlobalSection
	GlobalSection(ProjectConfigurationPlatforms) = postSolution
		{64BEC9CB-E009-4278-9218-D090980EFDDC}.Debug|Any CPU.ActiveCfg = Debug|Any CPU
		{64BEC9CB-E009-4278-9218-D090980EFDDC}.Debug|Any CPU.Build.0 = Debug|Any CPU
		{64BEC9CB-E009-4278-9218-D090980EFDDC}.Release|Any CPU.ActiveCfg = Release|Any CPU
		{64BEC9CB-E009-4278-9218-D090980EFDDC}.Release|Any CPU.Build.0 = Release|Any CPU
		{1B9297B3-465F-48E8-9A7A-3E1B97499C5A}.Debug|Any CPU.ActiveCfg = Debug|Any CPU
		{1B9297B3-465F-48E8-9A7A-3E1B97499C5A}.Debug|Any CPU.Build.0 = Debug|Any CPU
		{1B9297B3-465F-48E8-9A7A-3E1B97499C5A}.Release|Any CPU.ActiveCfg = Release|Any CPU
		{1B9297B3-465F-48E8-9A7A-3E1B97499C5A}.Release|Any CPU.Build.0 = Release|Any CPU
		{48D84765-C51D-4403-BD03-39D2CA01D094}.Debug|Any CPU.ActiveCfg = Debug|Any CPU
		{48D84765-C51D-4403-BD03-39D2CA01D094}.Debug|Any CPU.Build.0 = Debug|Any CPU
		{48D84765-C51D-4403-BD03-39D2CA01D094}.Release|Any CPU.ActiveCfg = Release|Any CPU
		{48D84765-C51D-4403-BD03-39D2CA01D094}.Release|Any CPU.Build.0 = Release|Any CPU
		{8DF6760F-0894-4A31-B7B7-4F1ED6A6049C}.Debug|Any CPU.ActiveCfg = Debug|Any CPU
		{8DF6760F-0894-4A31-B7B7-4F1ED6A6049C}.Debug|Any CPU.Build.0 = Debug|Any CPU
		{8DF6760F-0894-4A31-B7B7-4F1ED6A6049C}.Release|Any CPU.ActiveCfg = Release|Any CPU
		{8DF6760F-0894-4A31-B7B7-4F1ED6A6049C}.Release|Any CPU.Build.0 = Release|Any CPU
	EndGlobalSection
	GlobalSection(SolutionProperties) = preSolution
		HideSolutionNode = FALSE
	EndGlobalSection
	GlobalSection(ExtensibilityGlobals) = postSolution
		SolutionGuid = {A69F92AA-8294-44ED-837D-8F3336C223DC}
	EndGlobalSection
EndGlobal
